
Microsoft Visual Studio Solution File, Format Version 12.00
# Visual Studio Version 17
VisualStudioVersion = 17.4.33110.190
MinimumVisualStudioVersion = 10.0.40219.1
Project("{9A19103F-16F7-4668-BE54-9A1E7A4F7556}") = "DataFeed", "DataFeed\DataFeed.csproj", "{81E84FD7-1C2F-48C2-B28F-B5045BDD0380}"
EndProject
Project("{9A19103F-16F7-4668-BE54-9A1E7A4F7556}") = "HRtoCVR", "HRtoCVR\HRtoCVR.csproj", "{BA6C0685-DE14-4C08-8C94-398E4802CA08}"
EndProject
Global
	GlobalSection(SolutionConfigurationPlatforms) = preSolution
		Debug|Any CPU = Debug|Any CPU
		Release|Any CPU = Release|Any CPU
	EndGlobalSection
	GlobalSection(ProjectConfigurationPlatforms) = postSolution
		{81E84FD7-1C2F-48C2-B28F-B5045BDD0380}.Debug|Any CPU.ActiveCfg = Debug|Any CPU
		{81E84FD7-1C2F-48C2-B28F-B5045BDD0380}.Debug|Any CPU.Build.0 = Debug|Any CPU
		{81E84FD7-1C2F-48C2-B28F-B5045BDD0380}.Release|Any CPU.ActiveCfg = Release|Any CPU
		{81E84FD7-1C2F-48C2-B28F-B5045BDD0380}.Release|Any CPU.Build.0 = Release|Any CPU
		{BA6C0685-DE14-4C08-8C94-398E4802CA08}.Debug|Any CPU.ActiveCfg = Debug|Any CPU
		{BA6C0685-DE14-4C08-8C94-398E4802CA08}.Debug|Any CPU.Build.0 = Debug|Any CPU
		{BA6C0685-DE14-4C08-8C94-398E4802CA08}.Release|Any CPU.ActiveCfg = Release|Any CPU
		{BA6C0685-DE14-4C08-8C94-398E4802CA08}.Release|Any CPU.Build.0 = Release|Any CPU
	EndGlobalSection
	GlobalSection(SolutionProperties) = preSolution
		HideSolutionNode = FALSE
	EndGlobalSection
	GlobalSection(ExtensibilityGlobals) = postSolution
		SolutionGuid = {A19352A4-F474-4E45-A388-3C49C1B59191}
	EndGlobalSection
EndGlobal
